
Microsoft Visual Studio Solution File, Format Version 12.00
# Visual Studio Version 16
VisualStudioVersion = 16.0.30907.101
MinimumVisualStudioVersion = 10.0.40219.1
Project("{FAE04EC0-301F-11D3-BF4B-00C04F79EFBC}") = "ElizaIsSilly", "ElizaIsSilly\ElizaIsSilly.csproj", "{1D705989-C882-4550-B1EA-516A2B170D51}"
EndProject
Global
	GlobalSection(SolutionConfigurationPlatforms) = preSolution
		Debug|Any CPU = Debug|Any CPU
		Release|Any CPU = Release|Any CPU
	EndGlobalSection
	GlobalSection(ProjectConfigurationPlatforms) = postSolution
		{1D705989-C882-4550-B1EA-516A2B170D51}.Debug|Any CPU.ActiveCfg = Debug|Any CPU
		{1D705989-C882-4550-B1EA-516A2B170D51}.Debug|Any CPU.Build.0 = Debug|Any CPU
		{1D705989-C882-4550-B1EA-516A2B170D51}.Release|Any CPU.ActiveCfg = Release|Any CPU
		{1D705989-C882-4550-B1EA-516A2B170D51}.Release|Any CPU.Build.0 = Release|Any CPU
	EndGlobalSection
	GlobalSection(SolutionProperties) = preSolution
		HideSolutionNode = FALSE
	EndGlobalSection
	GlobalSection(ExtensibilityGlobals) = postSolution
		SolutionGuid = {6A294421-250A-410D-966D-FE0FC4C0E4C3}
	EndGlobalSection
EndGlobal
